// !$*UTF8*$!
{
	archiveVersion = 1;
	classes = {
	};
	objectVersion = 56;
	objects = {

/* Begin PBXBuildFile section */
		198E5C15293F73420088A742 /* UIColor+.swift in Sources */ = {isa = PBXBuildFile; fileRef = 198E5C14293F73420088A742 /* UIColor+.swift */; };
		198E5C18293F76350088A742 /* ImageDefault.swift in Sources */ = {isa = PBXBuildFile; fileRef = 198E5C17293F76350088A742 /* ImageDefault.swift */; };
		198E5C1A293F76480088A742 /* ButtonDefault.swift in Sources */ = {isa = PBXBuildFile; fileRef = 198E5C19293F76480088A742 /* ButtonDefault.swift */; };
		198E5C1C293F76570088A742 /* LabelDefault.swift in Sources */ = {isa = PBXBuildFile; fileRef = 198E5C1B293F76570088A742 /* LabelDefault.swift */; };
		198E5C1E293F76890088A742 /* TextFieldDefault.swift in Sources */ = {isa = PBXBuildFile; fileRef = 198E5C1D293F76890088A742 /* TextFieldDefault.swift */; };
		198E5C22293F7E7C0088A742 /* RegisterView.swift in Sources */ = {isa = PBXBuildFile; fileRef = 198E5C21293F7E7C0088A742 /* RegisterView.swift */; };
		198E5C26293F7EAE0088A742 /* RegisterViewController.swift in Sources */ = {isa = PBXBuildFile; fileRef = 198E5C25293F7EAE0088A742 /* RegisterViewController.swift */; };
		198E5C28293F7EC30088A742 /* RegisterCoordinator.swift in Sources */ = {isa = PBXBuildFile; fileRef = 198E5C27293F7EC30088A742 /* RegisterCoordinator.swift */; };
		19A622CA29363C7000830376 /* AppDelegate.swift in Sources */ = {isa = PBXBuildFile; fileRef = 19A622C929363C7000830376 /* AppDelegate.swift */; };
		19A622CC29363C7000830376 /* SceneDelegate.swift in Sources */ = {isa = PBXBuildFile; fileRef = 19A622CB29363C7000830376 /* SceneDelegate.swift */; };
		19A622CE29363C7000830376 /* ViewController.swift in Sources */ = {isa = PBXBuildFile; fileRef = 19A622CD29363C7000830376 /* ViewController.swift */; };
		19A622D129363C7000830376 /* Main.storyboard in Resources */ = {isa = PBXBuildFile; fileRef = 19A622CF29363C7000830376 /* Main.storyboard */; };
		19A622D429363C7000830376 /* Circulando_v2.xcdatamodeld in Sources */ = {isa = PBXBuildFile; fileRef = 19A622D229363C7000830376 /* Circulando_v2.xcdatamodeld */; };
		19A622D629363C7200830376 /* Assets.xcassets in Resources */ = {isa = PBXBuildFile; fileRef = 19A622D529363C7200830376 /* Assets.xcassets */; };
		19A622D929363C7200830376 /* LaunchScreen.storyboard in Resources */ = {isa = PBXBuildFile; fileRef = 19A622D729363C7200830376 /* LaunchScreen.storyboard */; };
		19A622E429363C7300830376 /* Circulando_v2Tests.swift in Sources */ = {isa = PBXBuildFile; fileRef = 19A622E329363C7300830376 /* Circulando_v2Tests.swift */; };
		19A622EE29363C7300830376 /* Circulando_v2UITests.swift in Sources */ = {isa = PBXBuildFile; fileRef = 19A622ED29363C7300830376 /* Circulando_v2UITests.swift */; };
		19A622F029363C7300830376 /* Circulando_v2UITestsLaunchTests.swift in Sources */ = {isa = PBXBuildFile; fileRef = 19A622EF29363C7300830376 /* Circulando_v2UITestsLaunchTests.swift */; };
		19A623012936411800830376 /* LoginView.swift in Sources */ = {isa = PBXBuildFile; fileRef = 19A623002936411800830376 /* LoginView.swift */; };
		19A623032936413500830376 /* LoginViewController.swift in Sources */ = {isa = PBXBuildFile; fileRef = 19A623022936413500830376 /* LoginViewController.swift */; };
		19A623052936414C00830376 /* Coordinator.swift in Sources */ = {isa = PBXBuildFile; fileRef = 19A623042936414C00830376 /* Coordinator.swift */; };
		19A62307293642ED00830376 /* LoginCoordinator.swift in Sources */ = {isa = PBXBuildFile; fileRef = 19A62306293642ED00830376 /* LoginCoordinator.swift */; };
/* End PBXBuildFile section */

/* Begin PBXContainerItemProxy section */
		19A622E029363C7200830376 /* PBXContainerItemProxy */ = {
			isa = PBXContainerItemProxy;
			containerPortal = 19A622BE29363C7000830376 /* Project object */;
			proxyType = 1;
			remoteGlobalIDString = 19A622C529363C7000830376;
			remoteInfo = "Circulando-v2";
		};
		19A622EA29363C7300830376 /* PBXContainerItemProxy */ = {
			isa = PBXContainerItemProxy;
			containerPortal = 19A622BE29363C7000830376 /* Project object */;
			proxyType = 1;
			remoteGlobalIDString = 19A622C529363C7000830376;
			remoteInfo = "Circulando-v2";
		};
/* End PBXContainerItemProxy section */

/* Begin PBXFileReference section */
		198E5C14293F73420088A742 /* UIColor+.swift */ = {isa = PBXFileReference; lastKnownFileType = sourcecode.swift; path = "UIColor+.swift"; sourceTree = "<group>"; };
		198E5C17293F76350088A742 /* ImageDefault.swift */ = {isa = PBXFileReference; lastKnownFileType = sourcecode.swift; path = ImageDefault.swift; sourceTree = "<group>"; };
		198E5C19293F76480088A742 /* ButtonDefault.swift */ = {isa = PBXFileReference; lastKnownFileType = sourcecode.swift; path = ButtonDefault.swift; sourceTree = "<group>"; };
		198E5C1B293F76570088A742 /* LabelDefault.swift */ = {isa = PBXFileReference; lastKnownFileType = sourcecode.swift; path = LabelDefault.swift; sourceTree = "<group>"; };
		198E5C1D293F76890088A742 /* TextFieldDefault.swift */ = {isa = PBXFileReference; lastKnownFileType = sourcecode.swift; path = TextFieldDefault.swift; sourceTree = "<group>"; };
		198E5C21293F7E7C0088A742 /* RegisterView.swift */ = {isa = PBXFileReference; lastKnownFileType = sourcecode.swift; path = RegisterView.swift; sourceTree = "<group>"; };
		198E5C25293F7EAE0088A742 /* RegisterViewController.swift */ = {isa = PBXFileReference; lastKnownFileType = sourcecode.swift; path = RegisterViewController.swift; sourceTree = "<group>"; };
		198E5C27293F7EC30088A742 /* RegisterCoordinator.swift */ = {isa = PBXFileReference; lastKnownFileType = sourcecode.swift; path = RegisterCoordinator.swift; sourceTree = "<group>"; };
		19A622C629363C7000830376 /* Circulando-v2.app */ = {isa = PBXFileReference; explicitFileType = wrapper.application; includeInIndex = 0; path = "Circulando-v2.app"; sourceTree = BUILT_PRODUCTS_DIR; };
		19A622C929363C7000830376 /* AppDelegate.swift */ = {isa = PBXFileReference; lastKnownFileType = sourcecode.swift; path = AppDelegate.swift; sourceTree = "<group>"; };
		19A622CB29363C7000830376 /* SceneDelegate.swift */ = {isa = PBXFileReference; lastKnownFileType = sourcecode.swift; path = SceneDelegate.swift; sourceTree = "<group>"; };
		19A622CD29363C7000830376 /* ViewController.swift */ = {isa = PBXFileReference; lastKnownFileType = sourcecode.swift; path = ViewController.swift; sourceTree = "<group>"; };
		19A622D029363C7000830376 /* Base */ = {isa = PBXFileReference; lastKnownFileType = file.storyboard; name = Base; path = Base.lproj/Main.storyboard; sourceTree = "<group>"; };
		19A622D329363C7000830376 /* Circulando_v2.xcdatamodel */ = {isa = PBXFileReference; lastKnownFileType = wrapper.xcdatamodel; path = Circulando_v2.xcdatamodel; sourceTree = "<group>"; };
		19A622D529363C7200830376 /* Assets.xcassets */ = {isa = PBXFileReference; lastKnownFileType = folder.assetcatalog; path = Assets.xcassets; sourceTree = "<group>"; };
		19A622D829363C7200830376 /* Base */ = {isa = PBXFileReference; lastKnownFileType = file.storyboard; name = Base; path = Base.lproj/LaunchScreen.storyboard; sourceTree = "<group>"; };
		19A622DA29363C7200830376 /* Info.plist */ = {isa = PBXFileReference; lastKnownFileType = text.plist.xml; path = Info.plist; sourceTree = "<group>"; };
		19A622DF29363C7200830376 /* Circulando-v2Tests.xctest */ = {isa = PBXFileReference; explicitFileType = wrapper.cfbundle; includeInIndex = 0; path = "Circulando-v2Tests.xctest"; sourceTree = BUILT_PRODUCTS_DIR; };
		19A622E329363C7300830376 /* Circulando_v2Tests.swift */ = {isa = PBXFileReference; lastKnownFileType = sourcecode.swift; path = Circulando_v2Tests.swift; sourceTree = "<group>"; };
		19A622E929363C7300830376 /* Circulando-v2UITests.xctest */ = {isa = PBXFileReference; explicitFileType = wrapper.cfbundle; includeInIndex = 0; path = "Circulando-v2UITests.xctest"; sourceTree = BUILT_PRODUCTS_DIR; };
		19A622ED29363C7300830376 /* Circulando_v2UITests.swift */ = {isa = PBXFileReference; lastKnownFileType = sourcecode.swift; path = Circulando_v2UITests.swift; sourceTree = "<group>"; };
		19A622EF29363C7300830376 /* Circulando_v2UITestsLaunchTests.swift */ = {isa = PBXFileReference; lastKnownFileType = sourcecode.swift; path = Circulando_v2UITestsLaunchTests.swift; sourceTree = "<group>"; };
		19A623002936411800830376 /* LoginView.swift */ = {isa = PBXFileReference; lastKnownFileType = sourcecode.swift; path = LoginView.swift; sourceTree = "<group>"; };
		19A623022936413500830376 /* LoginViewController.swift */ = {isa = PBXFileReference; lastKnownFileType = sourcecode.swift; path = LoginViewController.swift; sourceTree = "<group>"; };
		19A623042936414C00830376 /* Coordinator.swift */ = {isa = PBXFileReference; lastKnownFileType = sourcecode.swift; path = Coordinator.swift; sourceTree = "<group>"; };
		19A62306293642ED00830376 /* LoginCoordinator.swift */ = {isa = PBXFileReference; lastKnownFileType = sourcecode.swift; path = LoginCoordinator.swift; sourceTree = "<group>"; };
/* End PBXFileReference section */

/* Begin PBXFrameworksBuildPhase section */
		19A622C329363C7000830376 /* Frameworks */ = {
			isa = PBXFrameworksBuildPhase;
			buildActionMask = 2147483647;
			files = (
			);
			runOnlyForDeploymentPostprocessing = 0;
		};
		19A622DC29363C7200830376 /* Frameworks */ = {
			isa = PBXFrameworksBuildPhase;
			buildActionMask = 2147483647;
			files = (
			);
			runOnlyForDeploymentPostprocessing = 0;
		};
		19A622E629363C7300830376 /* Frameworks */ = {
			isa = PBXFrameworksBuildPhase;
			buildActionMask = 2147483647;
			files = (
			);
			runOnlyForDeploymentPostprocessing = 0;
		};
/* End PBXFrameworksBuildPhase section */

/* Begin PBXGroup section */
		198E5C13293F72760088A742 /* Extensions */ = {
			isa = PBXGroup;
			children = (
				198E5C14293F73420088A742 /* UIColor+.swift */,
			);
			path = Extensions;
			sourceTree = "<group>";
		};
		198E5C16293F76180088A742 /* Infraestructure */ = {
			isa = PBXGroup;
			children = (
				198E5C17293F76350088A742 /* ImageDefault.swift */,
				198E5C19293F76480088A742 /* ButtonDefault.swift */,
				198E5C1B293F76570088A742 /* LabelDefault.swift */,
				198E5C1D293F76890088A742 /* TextFieldDefault.swift */,
			);
			path = Infraestructure;
			sourceTree = "<group>";
		};
		198E5C1F293F7E490088A742 /* Register */ = {
			isa = PBXGroup;
			children = (
				198E5C21293F7E7C0088A742 /* RegisterView.swift */,
				198E5C25293F7EAE0088A742 /* RegisterViewController.swift */,
			);
			path = Register;
			sourceTree = "<group>";
		};
		198E5C20293F7E520088A742 /* Login */ = {
			isa = PBXGroup;
			children = (
				19A623022936413500830376 /* LoginViewController.swift */,
				19A623002936411800830376 /* LoginView.swift */,
			);
			path = Login;
			sourceTree = "<group>";
		};
		19A622BD29363C7000830376 = {
			isa = PBXGroup;
			children = (
				19A622C829363C7000830376 /* Circulando-v2 */,
				19A622E229363C7200830376 /* Circulando-v2Tests */,
				19A622EC29363C7300830376 /* Circulando-v2UITests */,
				19A622C729363C7000830376 /* Products */,
			);
			sourceTree = "<group>";
		};
		19A622C729363C7000830376 /* Products */ = {
			isa = PBXGroup;
			children = (
				19A622C629363C7000830376 /* Circulando-v2.app */,
				19A622DF29363C7200830376 /* Circulando-v2Tests.xctest */,
				19A622E929363C7300830376 /* Circulando-v2UITests.xctest */,
			);
			name = Products;
			sourceTree = "<group>";
		};
		19A622C829363C7000830376 /* Circulando-v2 */ = {
			isa = PBXGroup;
			children = (
				19A622DA29363C7200830376 /* Info.plist */,
				19A622FD2936403B00830376 /* Source */,
				19A622FC2936403400830376 /* Resource */,
			);
			path = "Circulando-v2";
			sourceTree = "<group>";
		};
		19A622E229363C7200830376 /* Circulando-v2Tests */ = {
			isa = PBXGroup;
			children = (
				19A622E329363C7300830376 /* Circulando_v2Tests.swift */,
			);
			path = "Circulando-v2Tests";
			sourceTree = "<group>";
		};
		19A622EC29363C7300830376 /* Circulando-v2UITests */ = {
			isa = PBXGroup;
			children = (
				19A622ED29363C7300830376 /* Circulando_v2UITests.swift */,
				19A622EF29363C7300830376 /* Circulando_v2UITestsLaunchTests.swift */,
			);
			path = "Circulando-v2UITests";
			sourceTree = "<group>";
		};
		19A622FC2936403400830376 /* Resource */ = {
			isa = PBXGroup;
			children = (
				19A622C929363C7000830376 /* AppDelegate.swift */,
				19A622CB29363C7000830376 /* SceneDelegate.swift */,
				19A622CD29363C7000830376 /* ViewController.swift */,
				19A622CF29363C7000830376 /* Main.storyboard */,
				19A622D529363C7200830376 /* Assets.xcassets */,
				19A622D729363C7200830376 /* LaunchScreen.storyboard */,
				19A622D229363C7000830376 /* Circulando_v2.xcdatamodeld */,
			);
			path = Resource;
			sourceTree = "<group>";
		};
		19A622FD2936403B00830376 /* Source */ = {
			isa = PBXGroup;
			children = (
				198E5C16293F76180088A742 /* Infraestructure */,
				198E5C13293F72760088A742 /* Extensions */,
				19A622FF2936409000830376 /* Coordinator */,
				19A622FE2936408A00830376 /* Controller */,
			);
			path = Source;
			sourceTree = "<group>";
		};
		19A622FE2936408A00830376 /* Controller */ = {
			isa = PBXGroup;
			children = (
				198E5C20293F7E520088A742 /* Login */,
				198E5C1F293F7E490088A742 /* Register */,
			);
			path = Controller;
			sourceTree = "<group>";
		};
		19A622FF2936409000830376 /* Coordinator */ = {
			isa = PBXGroup;
			children = (
				19A623042936414C00830376 /* Coordinator.swift */,
				19A62306293642ED00830376 /* LoginCoordinator.swift */,
				198E5C27293F7EC30088A742 /* RegisterCoordinator.swift */,
			);
			path = Coordinator;
			sourceTree = "<group>";
		};
/* End PBXGroup section */

/* Begin PBXNativeTarget section */
		19A622C529363C7000830376 /* Circulando-v2 */ = {
			isa = PBXNativeTarget;
			buildConfigurationList = 19A622F329363C7300830376 /* Build configuration list for PBXNativeTarget "Circulando-v2" */;
			buildPhases = (
				19A622C229363C7000830376 /* Sources */,
				19A622C329363C7000830376 /* Frameworks */,
				19A622C429363C7000830376 /* Resources */,
			);
			buildRules = (
			);
			dependencies = (
			);
			name = "Circulando-v2";
			productName = "Circulando-v2";
			productReference = 19A622C629363C7000830376 /* Circulando-v2.app */;
			productType = "com.apple.product-type.application";
		};
		19A622DE29363C7200830376 /* Circulando-v2Tests */ = {
			isa = PBXNativeTarget;
			buildConfigurationList = 19A622F629363C7300830376 /* Build configuration list for PBXNativeTarget "Circulando-v2Tests" */;
			buildPhases = (
				19A622DB29363C7200830376 /* Sources */,
				19A622DC29363C7200830376 /* Frameworks */,
				19A622DD29363C7200830376 /* Resources */,
			);
			buildRules = (
			);
			dependencies = (
				19A622E129363C7200830376 /* PBXTargetDependency */,
			);
			name = "Circulando-v2Tests";
			productName = "Circulando-v2Tests";
			productReference = 19A622DF29363C7200830376 /* Circulando-v2Tests.xctest */;
			productType = "com.apple.product-type.bundle.unit-test";
		};
		19A622E829363C7300830376 /* Circulando-v2UITests */ = {
			isa = PBXNativeTarget;
			buildConfigurationList = 19A622F929363C7300830376 /* Build configuration list for PBXNativeTarget "Circulando-v2UITests" */;
			buildPhases = (
				19A622E529363C7300830376 /* Sources */,
				19A622E629363C7300830376 /* Frameworks */,
				19A622E729363C7300830376 /* Resources */,
			);
			buildRules = (
			);
			dependencies = (
				19A622EB29363C7300830376 /* PBXTargetDependency */,
			);
			name = "Circulando-v2UITests";
			productName = "Circulando-v2UITests";
			productReference = 19A622E929363C7300830376 /* Circulando-v2UITests.xctest */;
			productType = "com.apple.product-type.bundle.ui-testing";
		};
/* End PBXNativeTarget section */

/* Begin PBXProject section */
		19A622BE29363C7000830376 /* Project object */ = {
			isa = PBXProject;
			attributes = {
				BuildIndependentTargetsInParallel = 1;
				LastSwiftUpdateCheck = 1400;
				LastUpgradeCheck = 1400;
				TargetAttributes = {
					19A622C529363C7000830376 = {
						CreatedOnToolsVersion = 14.0.1;
					};
					19A622DE29363C7200830376 = {
						CreatedOnToolsVersion = 14.0.1;
						TestTargetID = 19A622C529363C7000830376;
					};
					19A622E829363C7300830376 = {
						CreatedOnToolsVersion = 14.0.1;
						TestTargetID = 19A622C529363C7000830376;
					};
				};
			};
			buildConfigurationList = 19A622C129363C7000830376 /* Build configuration list for PBXProject "Circulando-v2" */;
			compatibilityVersion = "Xcode 14.0";
			developmentRegion = en;
			hasScannedForEncodings = 0;
			knownRegions = (
				en,
				Base,
			);
			mainGroup = 19A622BD29363C7000830376;
			productRefGroup = 19A622C729363C7000830376 /* Products */;
			projectDirPath = "";
			projectRoot = "";
			targets = (
				19A622C529363C7000830376 /* Circulando-v2 */,
				19A622DE29363C7200830376 /* Circulando-v2Tests */,
				19A622E829363C7300830376 /* Circulando-v2UITests */,
			);
		};
/* End PBXProject section */

/* Begin PBXResourcesBuildPhase section */
		19A622C429363C7000830376 /* Resources */ = {
			isa = PBXResourcesBuildPhase;
			buildActionMask = 2147483647;
			files = (
				19A622D929363C7200830376 /* LaunchScreen.storyboard in Resources */,
				19A622D629363C7200830376 /* Assets.xcassets in Resources */,
				19A622D129363C7000830376 /* Main.storyboard in Resources */,
			);
			runOnlyForDeploymentPostprocessing = 0;
		};
		19A622DD29363C7200830376 /* Resources */ = {
			isa = PBXResourcesBuildPhase;
			buildActionMask = 2147483647;
			files = (
			);
			runOnlyForDeploymentPostprocessing = 0;
		};
		19A622E729363C7300830376 /* Resources */ = {
			isa = PBXResourcesBuildPhase;
			buildActionMask = 2147483647;
			files = (
			);
			runOnlyForDeploymentPostprocessing = 0;
		};
/* End PBXResourcesBuildPhase section */

/* Begin PBXSourcesBuildPhase section */
		19A622C229363C7000830376 /* Sources */ = {
			isa = PBXSourcesBuildPhase;
			buildActionMask = 2147483647;
			files = (
				19A623032936413500830376 /* LoginViewController.swift in Sources */,
				198E5C18293F76350088A742 /* ImageDefault.swift in Sources */,
				198E5C1C293F76570088A742 /* LabelDefault.swift in Sources */,
				198E5C22293F7E7C0088A742 /* RegisterView.swift in Sources */,
				198E5C1E293F76890088A742 /* TextFieldDefault.swift in Sources */,
				19A622CE29363C7000830376 /* ViewController.swift in Sources */,
				198E5C26293F7EAE0088A742 /* RegisterViewController.swift in Sources */,
				198E5C1A293F76480088A742 /* ButtonDefault.swift in Sources */,
				19A622D429363C7000830376 /* Circulando_v2.xcdatamodeld in Sources */,
				19A622CA29363C7000830376 /* AppDelegate.swift in Sources */,
				19A623012936411800830376 /* LoginView.swift in Sources */,
				19A622CC29363C7000830376 /* SceneDelegate.swift in Sources */,
				19A62307293642ED00830376 /* LoginCoordinator.swift in Sources */,
				198E5C28293F7EC30088A742 /* RegisterCoordinator.swift in Sources */,
				19A623052936414C00830376 /* Coordinator.swift in Sources */,
				198E5C15293F73420088A742 /* UIColor+.swift in Sources */,
			);
			runOnlyForDeploymentPostprocessing = 0;
		};
		19A622DB29363C7200830376 /* Sources */ = {
			isa = PBXSourcesBuildPhase;
			buildActionMask = 2147483647;
			files = (
				19A622E429363C7300830376 /* Circulando_v2Tests.swift in Sources */,
			);
			runOnlyForDeploymentPostprocessing = 0;
		};
		19A622E529363C7300830376 /* Sources */ = {
			isa = PBXSourcesBuildPhase;
			buildActionMask = 2147483647;
			files = (
				19A622F029363C7300830376 /* Circulando_v2UITestsLaunchTests.swift in Sources */,
				19A622EE29363C7300830376 /* Circulando_v2UITests.swift in Sources */,
			);
			runOnlyForDeploymentPostprocessing = 0;
		};
/* End PBXSourcesBuildPhase section */

/* Begin PBXTargetDependency section */
		19A622E129363C7200830376 /* PBXTargetDependency */ = {
			isa = PBXTargetDependency;
			target = 19A622C529363C7000830376 /* Circulando-v2 */;
			targetProxy = 19A622E029363C7200830376 /* PBXContainerItemProxy */;
		};
		19A622EB29363C7300830376 /* PBXTargetDependency */ = {
			isa = PBXTargetDependency;
			target = 19A622C529363C7000830376 /* Circulando-v2 */;
			targetProxy = 19A622EA29363C7300830376 /* PBXContainerItemProxy */;
		};
/* End PBXTargetDependency section */

/* Begin PBXVariantGroup section */
		19A622CF29363C7000830376 /* Main.storyboard */ = {
			isa = PBXVariantGroup;
			children = (
				19A622D029363C7000830376 /* Base */,
			);
			name = Main.storyboard;
			sourceTree = "<group>";
		};
		19A622D729363C7200830376 /* LaunchScreen.storyboard */ = {
			isa = PBXVariantGroup;
			children = (
				19A622D829363C7200830376 /* Base */,
			);
			name = LaunchScreen.storyboard;
			sourceTree = "<group>";
		};
/* End PBXVariantGroup section */

/* Begin XCBuildConfiguration section */
		19A622F129363C7300830376 /* Debug */ = {
			isa = XCBuildConfiguration;
			buildSettings = {
				ALWAYS_SEARCH_USER_PATHS = NO;
				CLANG_ANALYZER_NONNULL = YES;
				CLANG_ANALYZER_NUMBER_OBJECT_CONVERSION = YES_AGGRESSIVE;
				CLANG_CXX_LANGUAGE_STANDARD = "gnu++20";
				CLANG_ENABLE_MODULES = YES;
				CLANG_ENABLE_OBJC_ARC = YES;
				CLANG_ENABLE_OBJC_WEAK = YES;
				CLANG_WARN_BLOCK_CAPTURE_AUTORELEASING = YES;
				CLANG_WARN_BOOL_CONVERSION = YES;
				CLANG_WARN_COMMA = YES;
				CLANG_WARN_CONSTANT_CONVERSION = YES;
				CLANG_WARN_DEPRECATED_OBJC_IMPLEMENTATIONS = YES;
				CLANG_WARN_DIRECT_OBJC_ISA_USAGE = YES_ERROR;
				CLANG_WARN_DOCUMENTATION_COMMENTS = YES;
				CLANG_WARN_EMPTY_BODY = YES;
				CLANG_WARN_ENUM_CONVERSION = YES;
				CLANG_WARN_INFINITE_RECURSION = YES;
				CLANG_WARN_INT_CONVERSION = YES;
				CLANG_WARN_NON_LITERAL_NULL_CONVERSION = YES;
				CLANG_WARN_OBJC_IMPLICIT_RETAIN_SELF = YES;
				CLANG_WARN_OBJC_LITERAL_CONVERSION = YES;
				CLANG_WARN_OBJC_ROOT_CLASS = YES_ERROR;
				CLANG_WARN_QUOTED_INCLUDE_IN_FRAMEWORK_HEADER = YES;
				CLANG_WARN_RANGE_LOOP_ANALYSIS = YES;
				CLANG_WARN_STRICT_PROTOTYPES = YES;
				CLANG_WARN_SUSPICIOUS_MOVE = YES;
				CLANG_WARN_UNGUARDED_AVAILABILITY = YES_AGGRESSIVE;
				CLANG_WARN_UNREACHABLE_CODE = YES;
				CLANG_WARN__DUPLICATE_METHOD_MATCH = YES;
				COPY_PHASE_STRIP = NO;
				DEBUG_INFORMATION_FORMAT = dwarf;
				ENABLE_STRICT_OBJC_MSGSEND = YES;
				ENABLE_TESTABILITY = YES;
				GCC_C_LANGUAGE_STANDARD = gnu11;
				GCC_DYNAMIC_NO_PIC = NO;
				GCC_NO_COMMON_BLOCKS = YES;
				GCC_OPTIMIZATION_LEVEL = 0;
				GCC_PREPROCESSOR_DEFINITIONS = (
					"DEBUG=1",
					"$(inherited)",
				);
				GCC_WARN_64_TO_32_BIT_CONVERSION = YES;
				GCC_WARN_ABOUT_RETURN_TYPE = YES_ERROR;
				GCC_WARN_UNDECLARED_SELECTOR = YES;
				GCC_WARN_UNINITIALIZED_AUTOS = YES_AGGRESSIVE;
				GCC_WARN_UNUSED_FUNCTION = YES;
				GCC_WARN_UNUSED_VARIABLE = YES;
				IPHONEOS_DEPLOYMENT_TARGET = 16.0;
				MTL_ENABLE_DEBUG_INFO = INCLUDE_SOURCE;
				MTL_FAST_MATH = YES;
				ONLY_ACTIVE_ARCH = YES;
				SDKROOT = iphoneos;
				SWIFT_ACTIVE_COMPILATION_CONDITIONS = DEBUG;
				SWIFT_OPTIMIZATION_LEVEL = "-Onone";
			};
			name = Debug;
		};
		19A622F229363C7300830376 /* Release */ = {
			isa = XCBuildConfiguration;
			buildSettings = {
				ALWAYS_SEARCH_USER_PATHS = NO;
				CLANG_ANALYZER_NONNULL = YES;
				CLANG_ANALYZER_NUMBER_OBJECT_CONVERSION = YES_AGGRESSIVE;
				CLANG_CXX_LANGUAGE_STANDARD = "gnu++20";
				CLANG_ENABLE_MODULES = YES;
				CLANG_ENABLE_OBJC_ARC = YES;
				CLANG_ENABLE_OBJC_WEAK = YES;
				CLANG_WARN_BLOCK_CAPTURE_AUTORELEASING = YES;
				CLANG_WARN_BOOL_CONVERSION = YES;
				CLANG_WARN_COMMA = YES;
				CLANG_WARN_CONSTANT_CONVERSION = YES;
				CLANG_WARN_DEPRECATED_OBJC_IMPLEMENTATIONS = YES;
				CLANG_WARN_DIRECT_OBJC_ISA_USAGE = YES_ERROR;
				CLANG_WARN_DOCUMENTATION_COMMENTS = YES;
				CLANG_WARN_EMPTY_BODY = YES;
				CLANG_WARN_ENUM_CONVERSION = YES;
				CLANG_WARN_INFINITE_RECURSION = YES;
				CLANG_WARN_INT_CONVERSION = YES;
				CLANG_WARN_NON_LITERAL_NULL_CONVERSION = YES;
				CLANG_WARN_OBJC_IMPLICIT_RETAIN_SELF = YES;
				CLANG_WARN_OBJC_LITERAL_CONVERSION = YES;
				CLANG_WARN_OBJC_ROOT_CLASS = YES_ERROR;
				CLANG_WARN_QUOTED_INCLUDE_IN_FRAMEWORK_HEADER = YES;
				CLANG_WARN_RANGE_LOOP_ANALYSIS = YES;
				CLANG_WARN_STRICT_PROTOTYPES = YES;
				CLANG_WARN_SUSPICIOUS_MOVE = YES;
				CLANG_WARN_UNGUARDED_AVAILABILITY = YES_AGGRESSIVE;
				CLANG_WARN_UNREACHABLE_CODE = YES;
				CLANG_WARN__DUPLICATE_METHOD_MATCH = YES;
				COPY_PHASE_STRIP = NO;
				DEBUG_INFORMATION_FORMAT = "dwarf-with-dsym";
				ENABLE_NS_ASSERTIONS = NO;
				ENABLE_STRICT_OBJC_MSGSEND = YES;
				GCC_C_LANGUAGE_STANDARD = gnu11;
				GCC_NO_COMMON_BLOCKS = YES;
				GCC_WARN_64_TO_32_BIT_CONVERSION = YES;
				GCC_WARN_ABOUT_RETURN_TYPE = YES_ERROR;
				GCC_WARN_UNDECLARED_SELECTOR = YES;
				GCC_WARN_UNINITIALIZED_AUTOS = YES_AGGRESSIVE;
				GCC_WARN_UNUSED_FUNCTION = YES;
				GCC_WARN_UNUSED_VARIABLE = YES;
				IPHONEOS_DEPLOYMENT_TARGET = 16.0;
				MTL_ENABLE_DEBUG_INFO = NO;
				MTL_FAST_MATH = YES;
				SDKROOT = iphoneos;
				SWIFT_COMPILATION_MODE = wholemodule;
				SWIFT_OPTIMIZATION_LEVEL = "-O";
				VALIDATE_PRODUCT = YES;
			};
			name = Release;
		};
		19A622F429363C7300830376 /* Debug */ = {
			isa = XCBuildConfiguration;
			buildSettings = {
				ASSETCATALOG_COMPILER_APPICON_NAME = AppIcon;
				ASSETCATALOG_COMPILER_GLOBAL_ACCENT_COLOR_NAME = AccentColor;
				CODE_SIGN_STYLE = Automatic;
				CURRENT_PROJECT_VERSION = 1;
				DEVELOPMENT_TEAM = P5S5K3TN6D;
				GENERATE_INFOPLIST_FILE = YES;
				INFOPLIST_FILE = "Circulando-v2/Info.plist";
				INFOPLIST_KEY_UIApplicationSupportsIndirectInputEvents = YES;
				INFOPLIST_KEY_UILaunchStoryboardName = LaunchScreen;
				INFOPLIST_KEY_UIMainStoryboardFile = Main;
				INFOPLIST_KEY_UISupportedInterfaceOrientations_iPad = "UIInterfaceOrientationPortrait UIInterfaceOrientationPortraitUpsideDown UIInterfaceOrientationLandscapeLeft UIInterfaceOrientationLandscapeRight";
				INFOPLIST_KEY_UISupportedInterfaceOrientations_iPhone = "UIInterfaceOrientationPortrait UIInterfaceOrientationLandscapeLeft UIInterfaceOrientationLandscapeRight";
				LD_RUNPATH_SEARCH_PATHS = (
					"$(inherited)",
					"@executable_path/Frameworks",
				);
				MARKETING_VERSION = 1.0;
				PRODUCT_BUNDLE_IDENTIFIER = "br.edu.ifb.Circulando-v2";
				PRODUCT_NAME = "$(TARGET_NAME)";
				SWIFT_EMIT_LOC_STRINGS = YES;
				SWIFT_VERSION = 5.0;
				TARGETED_DEVICE_FAMILY = "1,2";
			};
			name = Debug;
		};
		19A622F529363C7300830376 /* Release */ = {
			isa = XCBuildConfiguration;
			buildSettings = {
				ASSETCATALOG_COMPILER_APPICON_NAME = AppIcon;
				ASSETCATALOG_COMPILER_GLOBAL_ACCENT_COLOR_NAME = AccentColor;
				CODE_SIGN_STYLE = Automatic;
				CURRENT_PROJECT_VERSION = 1;
				DEVELOPMENT_TEAM = P5S5K3TN6D;
				GENERATE_INFOPLIST_FILE = YES;
				INFOPLIST_FILE = "Circulando-v2/Info.plist";
				INFOPLIST_KEY_UIApplicationSupportsIndirectInputEvents = YES;
				INFOPLIST_KEY_UILaunchStoryboardName = LaunchScreen;
				INFOPLIST_KEY_UIMainStoryboardFile = Main;
				INFOPLIST_KEY_UISupportedInterfaceOrientations_iPad = "UIInterfaceOrientationPortrait UIInterfaceOrientationPortraitUpsideDown UIInterfaceOrientationLandscapeLeft UIInterfaceOrientationLandscapeRight";
				INFOPLIST_KEY_UISupportedInterfaceOrientations_iPhone = "UIInterfaceOrientationPortrait UIInterfaceOrientationLandscapeLeft UIInterfaceOrientationLandscapeRight";
				LD_RUNPATH_SEARCH_PATHS = (
					"$(inherited)",
					"@executable_path/Frameworks",
				);
				MARKETING_VERSION = 1.0;
				PRODUCT_BUNDLE_IDENTIFIER = "br.edu.ifb.Circulando-v2";
				PRODUCT_NAME = "$(TARGET_NAME)";
				SWIFT_EMIT_LOC_STRINGS = YES;
				SWIFT_VERSION = 5.0;
				TARGETED_DEVICE_FAMILY = "1,2";
			};
			name = Release;
		};
		19A622F729363C7300830376 /* Debug */ = {
			isa = XCBuildConfiguration;
			buildSettings = {
				ALWAYS_EMBED_SWIFT_STANDARD_LIBRARIES = YES;
				BUNDLE_LOADER = "$(TEST_HOST)";
				CODE_SIGN_STYLE = Automatic;
				CURRENT_PROJECT_VERSION = 1;
				DEVELOPMENT_TEAM = P5S5K3TN6D;
				GENERATE_INFOPLIST_FILE = YES;
				IPHONEOS_DEPLOYMENT_TARGET = 16.0;
				MARKETING_VERSION = 1.0;
				PRODUCT_BUNDLE_IDENTIFIER = "br.edu.ifb.Circulando-v2Tests";
				PRODUCT_NAME = "$(TARGET_NAME)";
				SWIFT_EMIT_LOC_STRINGS = NO;
				SWIFT_VERSION = 5.0;
				TARGETED_DEVICE_FAMILY = "1,2";
				TEST_HOST = "$(BUILT_PRODUCTS_DIR)/Circulando-v2.app/$(BUNDLE_EXECUTABLE_FOLDER_PATH)/Circulando-v2";
			};
			name = Debug;
		};
		19A622F829363C7300830376 /* Release */ = {
			isa = XCBuildConfiguration;
			buildSettings = {
				ALWAYS_EMBED_SWIFT_STANDARD_LIBRARIES = YES;
				BUNDLE_LOADER = "$(TEST_HOST)";
				CODE_SIGN_STYLE = Automatic;
				CURRENT_PROJECT_VERSION = 1;
				DEVELOPMENT_TEAM = P5S5K3TN6D;
				GENERATE_INFOPLIST_FILE = YES;
				IPHONEOS_DEPLOYMENT_TARGET = 16.0;
				MARKETING_VERSION = 1.0;
				PRODUCT_BUNDLE_IDENTIFIER = "br.edu.ifb.Circulando-v2Tests";
				PRODUCT_NAME = "$(TARGET_NAME)";
				SWIFT_EMIT_LOC_STRINGS = NO;
				SWIFT_VERSION = 5.0;
				TARGETED_DEVICE_FAMILY = "1,2";
				TEST_HOST = "$(BUILT_PRODUCTS_DIR)/Circulando-v2.app/$(BUNDLE_EXECUTABLE_FOLDER_PATH)/Circulando-v2";
			};
			name = Release;
		};
		19A622FA29363C7300830376 /* Debug */ = {
			isa = XCBuildConfiguration;
			buildSettings = {
				ALWAYS_EMBED_SWIFT_STANDARD_LIBRARIES = YES;
				CODE_SIGN_STYLE = Automatic;
				CURRENT_PROJECT_VERSION = 1;
				DEVELOPMENT_TEAM = P5S5K3TN6D;
				GENERATE_INFOPLIST_FILE = YES;
				MARKETING_VERSION = 1.0;
				PRODUCT_BUNDLE_IDENTIFIER = "br.edu.ifb.Circulando-v2UITests";
				PRODUCT_NAME = "$(TARGET_NAME)";
				SWIFT_EMIT_LOC_STRINGS = NO;
				SWIFT_VERSION = 5.0;
				TARGETED_DEVICE_FAMILY = "1,2";
				TEST_TARGET_NAME = "Circulando-v2";
			};
			name = Debug;
		};
		19A622FB29363C7300830376 /* Release */ = {
			isa = XCBuildConfiguration;
			buildSettings = {
				ALWAYS_EMBED_SWIFT_STANDARD_LIBRARIES = YES;
				CODE_SIGN_STYLE = Automatic;
				CURRENT_PROJECT_VERSION = 1;
				DEVELOPMENT_TEAM = P5S5K3TN6D;
				GENERATE_INFOPLIST_FILE = YES;
				MARKETING_VERSION = 1.0;
				PRODUCT_BUNDLE_IDENTIFIER = "br.edu.ifb.Circulando-v2UITests";
				PRODUCT_NAME = "$(TARGET_NAME)";
				SWIFT_EMIT_LOC_STRINGS = NO;
				SWIFT_VERSION = 5.0;
				TARGETED_DEVICE_FAMILY = "1,2";
				TEST_TARGET_NAME = "Circulando-v2";
			};
			name = Release;
		};
/* End XCBuildConfiguration section */

/* Begin XCConfigurationList section */
		19A622C129363C7000830376 /* Build configuration list for PBXProject "Circulando-v2" */ = {
			isa = XCConfigurationList;
			buildConfigurations = (
				19A622F129363C7300830376 /* Debug */,
				19A622F229363C7300830376 /* Release */,
			);
			defaultConfigurationIsVisible = 0;
			defaultConfigurationName = Release;
		};
		19A622F329363C7300830376 /* Build configuration list for PBXNativeTarget "Circulando-v2" */ = {
			isa = XCConfigurationList;
			buildConfigurations = (
				19A622F429363C7300830376 /* Debug */,
				19A622F529363C7300830376 /* Release */,
			);
			defaultConfigurationIsVisible = 0;
			defaultConfigurationName = Release;
		};
		19A622F629363C7300830376 /* Build configuration list for PBXNativeTarget "Circulando-v2Tests" */ = {
			isa = XCConfigurationList;
			buildConfigurations = (
				19A622F729363C7300830376 /* Debug */,
				19A622F829363C7300830376 /* Release */,
			);
			defaultConfigurationIsVisible = 0;
			defaultConfigurationName = Release;
		};
		19A622F929363C7300830376 /* Build configuration list for PBXNativeTarget "Circulando-v2UITests" */ = {
			isa = XCConfigurationList;
			buildConfigurations = (
				19A622FA29363C7300830376 /* Debug */,
				19A622FB29363C7300830376 /* Release */,
			);
			defaultConfigurationIsVisible = 0;
			defaultConfigurationName = Release;
		};
/* End XCConfigurationList section */

/* Begin XCVersionGroup section */
		19A622D229363C7000830376 /* Circulando_v2.xcdatamodeld */ = {
			isa = XCVersionGroup;
			children = (
				19A622D329363C7000830376 /* Circulando_v2.xcdatamodel */,
			);
			currentVersion = 19A622D329363C7000830376 /* Circulando_v2.xcdatamodel */;
			path = Circulando_v2.xcdatamodeld;
			sourceTree = "<group>";
			versionGroupType = wrapper.xcdatamodel;
		};
/* End XCVersionGroup section */
	};
	rootObject = 19A622BE29363C7000830376 /* Project object */;
}
